
Microsoft Visual Studio Solution File, Format Version 12.00
# Visual Studio Version 16
VisualStudioVersion = 16.0.31702.278
MinimumVisualStudioVersion = 10.0.40219.1
Project("{FAE04EC0-301F-11D3-BF4B-00C04F79EFBC}") = "LineBoundedPlaneIntersection", "LineBoundedPlaneIntersection\LineBoundedPlaneIntersection.csproj", "{88AF6E16-E30E-4450-8900-71A6C13A7AAB}"
EndProject
Global
	GlobalSection(SolutionConfigurationPlatforms) = preSolution
		Debug|Any CPU = Debug|Any CPU
		Release|Any CPU = Release|Any CPU
	EndGlobalSection
	GlobalSection(ProjectConfigurationPlatforms) = postSolution
		{88AF6E16-E30E-4450-8900-71A6C13A7AAB}.Debug|Any CPU.ActiveCfg = Debug|Any CPU
		{88AF6E16-E30E-4450-8900-71A6C13A7AAB}.Debug|Any CPU.Build.0 = Debug|Any CPU
		{88AF6E16-E30E-4450-8900-71A6C13A7AAB}.Release|Any CPU.ActiveCfg = Release|Any CPU
		{88AF6E16-E30E-4450-8900-71A6C13A7AAB}.Release|Any CPU.Build.0 = Release|Any CPU
	EndGlobalSection
	GlobalSection(SolutionProperties) = preSolution
		HideSolutionNode = FALSE
	EndGlobalSection
	GlobalSection(ExtensibilityGlobals) = postSolution
		SolutionGuid = {16668CE2-8D50-4303-8540-ED8AFAFF9C40}
	EndGlobalSection
EndGlobal
